// !$*UTF8*$!
{
	archiveVersion = 1;
	classes = {
	};
	objectVersion = 56;
	objects = {

/* Begin PBXBuildFile section */
		C413D93F6B9EF41ACD791F59 /* Pods_Chat.framework in Frameworks */ = {isa = PBXBuildFile; fileRef = 6CB1F98AC1D29DB516D924C6 /* Pods_Chat.framework */; };
		D02D5EE829E94F6E00EF2761 /* ChatApp.swift in Sources */ = {isa = PBXBuildFile; fileRef = D02D5EE729E94F6E00EF2761 /* ChatApp.swift */; };
		D02D5EEA29E94F6E00EF2761 /* ContentView.swift in Sources */ = {isa = PBXBuildFile; fileRef = D02D5EE929E94F6E00EF2761 /* ContentView.swift */; };
		D02D5EEC29E94F6E00EF2761 /* Assets.xcassets in Resources */ = {isa = PBXBuildFile; fileRef = D02D5EEB29E94F6E00EF2761 /* Assets.xcassets */; };
		D02D5EEF29E94F6E00EF2761 /* Preview Assets.xcassets in Resources */ = {isa = PBXBuildFile; fileRef = D02D5EEE29E94F6E00EF2761 /* Preview Assets.xcassets */; };
		D02D5EF629E9516F00EF2761 /* GoogleService-Info.plist in Resources */ = {isa = PBXBuildFile; fileRef = D02D5EF529E9516F00EF2761 /* GoogleService-Info.plist */; };
		D02D5F0729E9521600EF2761 /* CheckValid.swift in Sources */ = {isa = PBXBuildFile; fileRef = D02D5F0529E9521600EF2761 /* CheckValid.swift */; };
		D02D5F0829E9521600EF2761 /* CustomNavigationBar.swift in Sources */ = {isa = PBXBuildFile; fileRef = D02D5F0629E9521600EF2761 /* CustomNavigationBar.swift */; };
		D02D5F0C29E962B800EF2761 /* LoginView.swift in Sources */ = {isa = PBXBuildFile; fileRef = D02D5F0B29E962B800EF2761 /* LoginView.swift */; };
		D0B012B029E96B9700CC403A /* LoginClass.swift in Sources */ = {isa = PBXBuildFile; fileRef = D0B012AF29E96B9700CC403A /* LoginClass.swift */; };
		D0B012B229E96BCB00CC403A /* RegisterView.swift in Sources */ = {isa = PBXBuildFile; fileRef = D0B012B129E96BCB00CC403A /* RegisterView.swift */; };
		D0B012B429E96C6000CC403A /* LoginEnums.swift in Sources */ = {isa = PBXBuildFile; fileRef = D0B012B329E96C6000CC403A /* LoginEnums.swift */; };
		D0B012B729E9777B00CC403A /* TextFieldName.swift in Sources */ = {isa = PBXBuildFile; fileRef = D0B012B529E9777B00CC403A /* TextFieldName.swift */; };
		D0B012B829E9777B00CC403A /* TextFieldHint.swift in Sources */ = {isa = PBXBuildFile; fileRef = D0B012B629E9777B00CC403A /* TextFieldHint.swift */; };
		D0B012BA29E98B0600CC403A /* FirebaseManager.swift in Sources */ = {isa = PBXBuildFile; fileRef = D0B012B929E98B0600CC403A /* FirebaseManager.swift */; };
		D0B012BC29E98E6000CC403A /* ImagePicker.swift in Sources */ = {isa = PBXBuildFile; fileRef = D0B012BB29E98E6000CC403A /* ImagePicker.swift */; };
		D0B012BE29E9CABB00CC403A /* MainMessageView.swift in Sources */ = {isa = PBXBuildFile; fileRef = D0B012BD29E9CABB00CC403A /* MainMessageView.swift */; };
		D0B012C029E9CF7B00CC403A /* UserNavBar.swift in Sources */ = {isa = PBXBuildFile; fileRef = D0B012BF29E9CF7B00CC403A /* UserNavBar.swift */; };
		D0B012C229E9D05200CC403A /* AllMessages.swift in Sources */ = {isa = PBXBuildFile; fileRef = D0B012C129E9D05200CC403A /* AllMessages.swift */; };
		D0B012C629E9EBEC00CC403A /* MainMessagesViewModel.swift in Sources */ = {isa = PBXBuildFile; fileRef = D0B012C529E9EBEC00CC403A /* MainMessagesViewModel.swift */; };
		D0B012CC29EAB7CA00CC403A /* NewMessageUsers.swift in Sources */ = {isa = PBXBuildFile; fileRef = D0B012CB29EAB7CA00CC403A /* NewMessageUsers.swift */; };
		D0B012CE29EABE4300CC403A /* ChatUser.swift in Sources */ = {isa = PBXBuildFile; fileRef = D0B012CD29EABE4300CC403A /* ChatUser.swift */; };
		D0B012D029EABE6B00CC403A /* NewMessageUsersModel.swift in Sources */ = {isa = PBXBuildFile; fileRef = D0B012CF29EABE6B00CC403A /* NewMessageUsersModel.swift */; };
		D0B012D329EAD06A00CC403A /* ChatMessageView.swift in Sources */ = {isa = PBXBuildFile; fileRef = D0B012D229EAD06A00CC403A /* ChatMessageView.swift */; };
/* End PBXBuildFile section */

/* Begin PBXFileReference section */
		6CB1F98AC1D29DB516D924C6 /* Pods_Chat.framework */ = {isa = PBXFileReference; explicitFileType = wrapper.framework; includeInIndex = 0; path = Pods_Chat.framework; sourceTree = BUILT_PRODUCTS_DIR; };
		A1E00E54FB5D1970B54D06E7 /* Pods-Chat.release.xcconfig */ = {isa = PBXFileReference; includeInIndex = 1; lastKnownFileType = text.xcconfig; name = "Pods-Chat.release.xcconfig"; path = "Target Support Files/Pods-Chat/Pods-Chat.release.xcconfig"; sourceTree = "<group>"; };
		A68E4AC1E097EF0385B8F1C4 /* Pods-Chat.debug.xcconfig */ = {isa = PBXFileReference; includeInIndex = 1; lastKnownFileType = text.xcconfig; name = "Pods-Chat.debug.xcconfig"; path = "Target Support Files/Pods-Chat/Pods-Chat.debug.xcconfig"; sourceTree = "<group>"; };
		D02D5EE429E94F6E00EF2761 /* Chat.app */ = {isa = PBXFileReference; explicitFileType = wrapper.application; includeInIndex = 0; path = Chat.app; sourceTree = BUILT_PRODUCTS_DIR; };
		D02D5EE729E94F6E00EF2761 /* ChatApp.swift */ = {isa = PBXFileReference; lastKnownFileType = sourcecode.swift; path = ChatApp.swift; sourceTree = "<group>"; };
		D02D5EE929E94F6E00EF2761 /* ContentView.swift */ = {isa = PBXFileReference; lastKnownFileType = sourcecode.swift; path = ContentView.swift; sourceTree = "<group>"; };
		D02D5EEB29E94F6E00EF2761 /* Assets.xcassets */ = {isa = PBXFileReference; lastKnownFileType = folder.assetcatalog; path = Assets.xcassets; sourceTree = "<group>"; };
		D02D5EEE29E94F6E00EF2761 /* Preview Assets.xcassets */ = {isa = PBXFileReference; lastKnownFileType = folder.assetcatalog; path = "Preview Assets.xcassets"; sourceTree = "<group>"; };
		D02D5EF529E9516F00EF2761 /* GoogleService-Info.plist */ = {isa = PBXFileReference; fileEncoding = 4; lastKnownFileType = text.plist.xml; path = "GoogleService-Info.plist"; sourceTree = "<group>"; };
		D02D5F0529E9521600EF2761 /* CheckValid.swift */ = {isa = PBXFileReference; fileEncoding = 4; lastKnownFileType = sourcecode.swift; path = CheckValid.swift; sourceTree = "<group>"; };
		D02D5F0629E9521600EF2761 /* CustomNavigationBar.swift */ = {isa = PBXFileReference; fileEncoding = 4; lastKnownFileType = sourcecode.swift; path = CustomNavigationBar.swift; sourceTree = "<group>"; };
		D02D5F0B29E962B800EF2761 /* LoginView.swift */ = {isa = PBXFileReference; lastKnownFileType = sourcecode.swift; path = LoginView.swift; sourceTree = "<group>"; };
		D0B012AF29E96B9700CC403A /* LoginClass.swift */ = {isa = PBXFileReference; lastKnownFileType = sourcecode.swift; path = LoginClass.swift; sourceTree = "<group>"; };
		D0B012B129E96BCB00CC403A /* RegisterView.swift */ = {isa = PBXFileReference; lastKnownFileType = sourcecode.swift; path = RegisterView.swift; sourceTree = "<group>"; };
		D0B012B329E96C6000CC403A /* LoginEnums.swift */ = {isa = PBXFileReference; lastKnownFileType = sourcecode.swift; path = LoginEnums.swift; sourceTree = "<group>"; };
		D0B012B529E9777B00CC403A /* TextFieldName.swift */ = {isa = PBXFileReference; fileEncoding = 4; lastKnownFileType = sourcecode.swift; path = TextFieldName.swift; sourceTree = "<group>"; };
		D0B012B629E9777B00CC403A /* TextFieldHint.swift */ = {isa = PBXFileReference; fileEncoding = 4; lastKnownFileType = sourcecode.swift; path = TextFieldHint.swift; sourceTree = "<group>"; };
		D0B012B929E98B0600CC403A /* FirebaseManager.swift */ = {isa = PBXFileReference; lastKnownFileType = sourcecode.swift; path = FirebaseManager.swift; sourceTree = "<group>"; };
		D0B012BB29E98E6000CC403A /* ImagePicker.swift */ = {isa = PBXFileReference; lastKnownFileType = sourcecode.swift; path = ImagePicker.swift; sourceTree = "<group>"; };
		D0B012BD29E9CABB00CC403A /* MainMessageView.swift */ = {isa = PBXFileReference; lastKnownFileType = sourcecode.swift; path = MainMessageView.swift; sourceTree = "<group>"; };
		D0B012BF29E9CF7B00CC403A /* UserNavBar.swift */ = {isa = PBXFileReference; lastKnownFileType = sourcecode.swift; path = UserNavBar.swift; sourceTree = "<group>"; };
		D0B012C129E9D05200CC403A /* AllMessages.swift */ = {isa = PBXFileReference; lastKnownFileType = sourcecode.swift; path = AllMessages.swift; sourceTree = "<group>"; };
		D0B012C529E9EBEC00CC403A /* MainMessagesViewModel.swift */ = {isa = PBXFileReference; lastKnownFileType = sourcecode.swift; path = MainMessagesViewModel.swift; sourceTree = "<group>"; };
		D0B012CB29EAB7CA00CC403A /* NewMessageUsers.swift */ = {isa = PBXFileReference; lastKnownFileType = sourcecode.swift; path = NewMessageUsers.swift; sourceTree = "<group>"; };
		D0B012CD29EABE4300CC403A /* ChatUser.swift */ = {isa = PBXFileReference; lastKnownFileType = sourcecode.swift; path = ChatUser.swift; sourceTree = "<group>"; };
		D0B012CF29EABE6B00CC403A /* NewMessageUsersModel.swift */ = {isa = PBXFileReference; lastKnownFileType = sourcecode.swift; path = NewMessageUsersModel.swift; sourceTree = "<group>"; };
		D0B012D229EAD06A00CC403A /* ChatMessageView.swift */ = {isa = PBXFileReference; lastKnownFileType = sourcecode.swift; path = ChatMessageView.swift; sourceTree = "<group>"; };
/* End PBXFileReference section */

/* Begin PBXFrameworksBuildPhase section */
		D02D5EE129E94F6E00EF2761 /* Frameworks */ = {
			isa = PBXFrameworksBuildPhase;
			buildActionMask = 2147483647;
			files = (
				C413D93F6B9EF41ACD791F59 /* Pods_Chat.framework in Frameworks */,
			);
			runOnlyForDeploymentPostprocessing = 0;
		};
/* End PBXFrameworksBuildPhase section */

/* Begin PBXGroup section */
		4B205D242A66BD4530F4FB5F /* Pods */ = {
			isa = PBXGroup;
			children = (
				A68E4AC1E097EF0385B8F1C4 /* Pods-Chat.debug.xcconfig */,
				A1E00E54FB5D1970B54D06E7 /* Pods-Chat.release.xcconfig */,
			);
			path = Pods;
			sourceTree = "<group>";
		};
		994270623FDA0A47B871E7BD /* Frameworks */ = {
			isa = PBXGroup;
			children = (
				6CB1F98AC1D29DB516D924C6 /* Pods_Chat.framework */,
			);
			name = Frameworks;
			sourceTree = "<group>";
		};
		D02D5EDB29E94F6E00EF2761 = {
			isa = PBXGroup;
			children = (
				D02D5EF529E9516F00EF2761 /* GoogleService-Info.plist */,
				D02D5EE629E94F6E00EF2761 /* Chat */,
				D02D5EE529E94F6E00EF2761 /* Products */,
				4B205D242A66BD4530F4FB5F /* Pods */,
				994270623FDA0A47B871E7BD /* Frameworks */,
			);
			sourceTree = "<group>";
		};
		D02D5EE529E94F6E00EF2761 /* Products */ = {
			isa = PBXGroup;
			children = (
				D02D5EE429E94F6E00EF2761 /* Chat.app */,
			);
			name = Products;
			sourceTree = "<group>";
		};
		D02D5EE629E94F6E00EF2761 /* Chat */ = {
			isa = PBXGroup;
			children = (
				D0B012C729E9EBF000CC403A /* Model */,
				D02D5EFA29E951A700EF2761 /* Utilities */,
				D02D5EF929E9519800EF2761 /* Components */,
				D02D5EF729E9518700EF2761 /* View */,
				D02D5EE729E94F6E00EF2761 /* ChatApp.swift */,
				D02D5EEB29E94F6E00EF2761 /* Assets.xcassets */,
				D02D5EED29E94F6E00EF2761 /* Preview Content */,
			);
			path = Chat;
			sourceTree = "<group>";
		};
		D02D5EED29E94F6E00EF2761 /* Preview Content */ = {
			isa = PBXGroup;
			children = (
				D02D5EEE29E94F6E00EF2761 /* Preview Assets.xcassets */,
			);
			path = "Preview Content";
			sourceTree = "<group>";
		};
		D02D5EF729E9518700EF2761 /* View */ = {
			isa = PBXGroup;
			children = (
				D0B012D229EAD06A00CC403A /* ChatMessageView.swift */,
				D02D5EE929E94F6E00EF2761 /* ContentView.swift */,
				D02D5F0B29E962B800EF2761 /* LoginView.swift */,
				D0B012B129E96BCB00CC403A /* RegisterView.swift */,
				D0B012BD29E9CABB00CC403A /* MainMessageView.swift */,
			);
			path = View;
			sourceTree = "<group>";
		};
		D02D5EF929E9519800EF2761 /* Components */ = {
			isa = PBXGroup;
			children = (
				D0B012D129EAD02500CC403A /* ChatMessage */,
				D0B012CA29EAB70900CC403A /* MainMessage */,
				D0B012C929EAB6D300CC403A /* LoginRegister */,
				D0B012BB29E98E6000CC403A /* ImagePicker.swift */,
			);
			path = Components;
			sourceTree = "<group>";
		};
		D02D5EFA29E951A700EF2761 /* Utilities */ = {
			isa = PBXGroup;
			children = (
				D02D5F0529E9521600EF2761 /* CheckValid.swift */,
				D02D5F0629E9521600EF2761 /* CustomNavigationBar.swift */,
				D0B012AF29E96B9700CC403A /* LoginClass.swift */,
				D0B012B929E98B0600CC403A /* FirebaseManager.swift */,
			);
			path = Utilities;
			sourceTree = "<group>";
		};
		D0B012C729E9EBF000CC403A /* Model */ = {
			isa = PBXGroup;
			children = (
				D0B012C529E9EBEC00CC403A /* MainMessagesViewModel.swift */,
				D0B012CD29EABE4300CC403A /* ChatUser.swift */,
				D0B012CF29EABE6B00CC403A /* NewMessageUsersModel.swift */,
			);
			path = Model;
			sourceTree = "<group>";
		};
		D0B012C929EAB6D300CC403A /* LoginRegister */ = {
			isa = PBXGroup;
			children = (
				D0B012B629E9777B00CC403A /* TextFieldHint.swift */,
				D0B012B529E9777B00CC403A /* TextFieldName.swift */,
				D0B012B329E96C6000CC403A /* LoginEnums.swift */,
			);
			path = LoginRegister;
			sourceTree = "<group>";
		};
		D0B012CA29EAB70900CC403A /* MainMessage */ = {
			isa = PBXGroup;
			children = (
				D0B012C129E9D05200CC403A /* AllMessages.swift */,
				D0B012BF29E9CF7B00CC403A /* UserNavBar.swift */,
				D0B012CB29EAB7CA00CC403A /* NewMessageUsers.swift */,
			);
			path = MainMessage;
			sourceTree = "<group>";
		};
		D0B012D129EAD02500CC403A /* ChatMessage */ = {
			isa = PBXGroup;
			children = (
			);
			path = ChatMessage;
			sourceTree = "<group>";
		};
/* End PBXGroup section */

/* Begin PBXNativeTarget section */
		D02D5EE329E94F6E00EF2761 /* Chat */ = {
			isa = PBXNativeTarget;
			buildConfigurationList = D02D5EF229E94F6E00EF2761 /* Build configuration list for PBXNativeTarget "Chat" */;
			buildPhases = (
				1F658FE27DA3FC70BEE84373 /* [CP] Check Pods Manifest.lock */,
				D02D5EE029E94F6E00EF2761 /* Sources */,
				D02D5EE129E94F6E00EF2761 /* Frameworks */,
				D02D5EE229E94F6E00EF2761 /* Resources */,
				3389732C3573DDD007637E3F /* [CP] Embed Pods Frameworks */,
			);
			buildRules = (
			);
			dependencies = (
			);
			name = Chat;
			productName = Chat;
			productReference = D02D5EE429E94F6E00EF2761 /* Chat.app */;
			productType = "com.apple.product-type.application";
		};
/* End PBXNativeTarget section */

/* Begin PBXProject section */
		D02D5EDC29E94F6E00EF2761 /* Project object */ = {
			isa = PBXProject;
			attributes = {
				BuildIndependentTargetsInParallel = 1;
				LastSwiftUpdateCheck = 1430;
				LastUpgradeCheck = 1430;
				TargetAttributes = {
					D02D5EE329E94F6E00EF2761 = {
						CreatedOnToolsVersion = 14.3;
					};
				};
			};
			buildConfigurationList = D02D5EDF29E94F6E00EF2761 /* Build configuration list for PBXProject "Chat" */;
			compatibilityVersion = "Xcode 14.0";
			developmentRegion = en;
			hasScannedForEncodings = 0;
			knownRegions = (
				en,
				Base,
			);
			mainGroup = D02D5EDB29E94F6E00EF2761;
			productRefGroup = D02D5EE529E94F6E00EF2761 /* Products */;
			projectDirPath = "";
			projectRoot = "";
			targets = (
				D02D5EE329E94F6E00EF2761 /* Chat */,
			);
		};
/* End PBXProject section */

/* Begin PBXResourcesBuildPhase section */
		D02D5EE229E94F6E00EF2761 /* Resources */ = {
			isa = PBXResourcesBuildPhase;
			buildActionMask = 2147483647;
			files = (
				D02D5EEF29E94F6E00EF2761 /* Preview Assets.xcassets in Resources */,
				D02D5EEC29E94F6E00EF2761 /* Assets.xcassets in Resources */,
				D02D5EF629E9516F00EF2761 /* GoogleService-Info.plist in Resources */,
			);
			runOnlyForDeploymentPostprocessing = 0;
		};
/* End PBXResourcesBuildPhase section */

/* Begin PBXShellScriptBuildPhase section */
		1F658FE27DA3FC70BEE84373 /* [CP] Check Pods Manifest.lock */ = {
			isa = PBXShellScriptBuildPhase;
			buildActionMask = 2147483647;
			files = (
			);
			inputFileListPaths = (
			);
			inputPaths = (
				"${PODS_PODFILE_DIR_PATH}/Podfile.lock",
				"${PODS_ROOT}/Manifest.lock",
			);
			name = "[CP] Check Pods Manifest.lock";
			outputFileListPaths = (
			);
			outputPaths = (
				"$(DERIVED_FILE_DIR)/Pods-Chat-checkManifestLockResult.txt",
			);
			runOnlyForDeploymentPostprocessing = 0;
			shellPath = /bin/sh;
			shellScript = "diff \"${PODS_PODFILE_DIR_PATH}/Podfile.lock\" \"${PODS_ROOT}/Manifest.lock\" > /dev/null\nif [ $? != 0 ] ; then\n    # print error to STDERR\n    echo \"error: The sandbox is not in sync with the Podfile.lock. Run 'pod install' or update your CocoaPods installation.\" >&2\n    exit 1\nfi\n# This output is used by Xcode 'outputs' to avoid re-running this script phase.\necho \"SUCCESS\" > \"${SCRIPT_OUTPUT_FILE_0}\"\n";
			showEnvVarsInLog = 0;
		};
		3389732C3573DDD007637E3F /* [CP] Embed Pods Frameworks */ = {
			isa = PBXShellScriptBuildPhase;
			buildActionMask = 2147483647;
			files = (
			);
			inputFileListPaths = (
				"${PODS_ROOT}/Target Support Files/Pods-Chat/Pods-Chat-frameworks-${CONFIGURATION}-input-files.xcfilelist",
			);
			name = "[CP] Embed Pods Frameworks";
			outputFileListPaths = (
				"${PODS_ROOT}/Target Support Files/Pods-Chat/Pods-Chat-frameworks-${CONFIGURATION}-output-files.xcfilelist",
			);
			runOnlyForDeploymentPostprocessing = 0;
			shellPath = /bin/sh;
			shellScript = "\"${PODS_ROOT}/Target Support Files/Pods-Chat/Pods-Chat-frameworks.sh\"\n";
			showEnvVarsInLog = 0;
		};
/* End PBXShellScriptBuildPhase section */

/* Begin PBXSourcesBuildPhase section */
		D02D5EE029E94F6E00EF2761 /* Sources */ = {
			isa = PBXSourcesBuildPhase;
			buildActionMask = 2147483647;
			files = (
				D0B012C029E9CF7B00CC403A /* UserNavBar.swift in Sources */,
				D02D5F0729E9521600EF2761 /* CheckValid.swift in Sources */,
				D0B012B429E96C6000CC403A /* LoginEnums.swift in Sources */,
				D0B012D329EAD06A00CC403A /* ChatMessageView.swift in Sources */,
				D0B012BE29E9CABB00CC403A /* MainMessageView.swift in Sources */,
				D02D5F0829E9521600EF2761 /* CustomNavigationBar.swift in Sources */,
				D0B012CE29EABE4300CC403A /* ChatUser.swift in Sources */,
				D0B012B029E96B9700CC403A /* LoginClass.swift in Sources */,
				D0B012D029EABE6B00CC403A /* NewMessageUsersModel.swift in Sources */,
				D0B012BA29E98B0600CC403A /* FirebaseManager.swift in Sources */,
				D0B012CC29EAB7CA00CC403A /* NewMessageUsers.swift in Sources */,
				D0B012C229E9D05200CC403A /* AllMessages.swift in Sources */,
				D02D5EEA29E94F6E00EF2761 /* ContentView.swift in Sources */,
				D0B012B229E96BCB00CC403A /* RegisterView.swift in Sources */,
				D02D5F0C29E962B800EF2761 /* LoginView.swift in Sources */,
				D0B012C629E9EBEC00CC403A /* MainMessagesViewModel.swift in Sources */,
				D02D5EE829E94F6E00EF2761 /* ChatApp.swift in Sources */,
				D0B012BC29E98E6000CC403A /* ImagePicker.swift in Sources */,
				D0B012B829E9777B00CC403A /* TextFieldHint.swift in Sources */,
				D0B012B729E9777B00CC403A /* TextFieldName.swift in Sources */,
			);
			runOnlyForDeploymentPostprocessing = 0;
		};
/* End PBXSourcesBuildPhase section */

/* Begin XCBuildConfiguration section */
		D02D5EF029E94F6E00EF2761 /* Debug */ = {
			isa = XCBuildConfiguration;
			buildSettings = {
				ALWAYS_SEARCH_USER_PATHS = NO;
				CLANG_ANALYZER_NONNULL = YES;
				CLANG_ANALYZER_NUMBER_OBJECT_CONVERSION = YES_AGGRESSIVE;
				CLANG_CXX_LANGUAGE_STANDARD = "gnu++20";
				CLANG_ENABLE_MODULES = YES;
				CLANG_ENABLE_OBJC_ARC = YES;
				CLANG_ENABLE_OBJC_WEAK = YES;
				CLANG_WARN_BLOCK_CAPTURE_AUTORELEASING = YES;
				CLANG_WARN_BOOL_CONVERSION = YES;
				CLANG_WARN_COMMA = YES;
				CLANG_WARN_CONSTANT_CONVERSION = YES;
				CLANG_WARN_DEPRECATED_OBJC_IMPLEMENTATIONS = YES;
				CLANG_WARN_DIRECT_OBJC_ISA_USAGE = YES_ERROR;
				CLANG_WARN_DOCUMENTATION_COMMENTS = YES;
				CLANG_WARN_EMPTY_BODY = YES;
				CLANG_WARN_ENUM_CONVERSION = YES;
				CLANG_WARN_INFINITE_RECURSION = YES;
				CLANG_WARN_INT_CONVERSION = YES;
				CLANG_WARN_NON_LITERAL_NULL_CONVERSION = YES;
				CLANG_WARN_OBJC_IMPLICIT_RETAIN_SELF = YES;
				CLANG_WARN_OBJC_LITERAL_CONVERSION = YES;
				CLANG_WARN_OBJC_ROOT_CLASS = YES_ERROR;
				CLANG_WARN_QUOTED_INCLUDE_IN_FRAMEWORK_HEADER = YES;
				CLANG_WARN_RANGE_LOOP_ANALYSIS = YES;
				CLANG_WARN_STRICT_PROTOTYPES = YES;
				CLANG_WARN_SUSPICIOUS_MOVE = YES;
				CLANG_WARN_UNGUARDED_AVAILABILITY = YES_AGGRESSIVE;
				CLANG_WARN_UNREACHABLE_CODE = YES;
				CLANG_WARN__DUPLICATE_METHOD_MATCH = YES;
				COPY_PHASE_STRIP = NO;
				DEBUG_INFORMATION_FORMAT = dwarf;
				ENABLE_STRICT_OBJC_MSGSEND = YES;
				ENABLE_TESTABILITY = YES;
				GCC_C_LANGUAGE_STANDARD = gnu11;
				GCC_DYNAMIC_NO_PIC = NO;
				GCC_NO_COMMON_BLOCKS = YES;
				GCC_OPTIMIZATION_LEVEL = 0;
				GCC_PREPROCESSOR_DEFINITIONS = (
					"DEBUG=1",
					"$(inherited)",
				);
				GCC_WARN_64_TO_32_BIT_CONVERSION = YES;
				GCC_WARN_ABOUT_RETURN_TYPE = YES_ERROR;
				GCC_WARN_UNDECLARED_SELECTOR = YES;
				GCC_WARN_UNINITIALIZED_AUTOS = YES_AGGRESSIVE;
				GCC_WARN_UNUSED_FUNCTION = YES;
				GCC_WARN_UNUSED_VARIABLE = YES;
				IPHONEOS_DEPLOYMENT_TARGET = 16.4;
				MTL_ENABLE_DEBUG_INFO = INCLUDE_SOURCE;
				MTL_FAST_MATH = YES;
				ONLY_ACTIVE_ARCH = YES;
				SDKROOT = iphoneos;
				SWIFT_ACTIVE_COMPILATION_CONDITIONS = DEBUG;
				SWIFT_OPTIMIZATION_LEVEL = "-Onone";
			};
			name = Debug;
		};
		D02D5EF129E94F6E00EF2761 /* Release */ = {
			isa = XCBuildConfiguration;
			buildSettings = {
				ALWAYS_SEARCH_USER_PATHS = NO;
				CLANG_ANALYZER_NONNULL = YES;
				CLANG_ANALYZER_NUMBER_OBJECT_CONVERSION = YES_AGGRESSIVE;
				CLANG_CXX_LANGUAGE_STANDARD = "gnu++20";
				CLANG_ENABLE_MODULES = YES;
				CLANG_ENABLE_OBJC_ARC = YES;
				CLANG_ENABLE_OBJC_WEAK = YES;
				CLANG_WARN_BLOCK_CAPTURE_AUTORELEASING = YES;
				CLANG_WARN_BOOL_CONVERSION = YES;
				CLANG_WARN_COMMA = YES;
				CLANG_WARN_CONSTANT_CONVERSION = YES;
				CLANG_WARN_DEPRECATED_OBJC_IMPLEMENTATIONS = YES;
				CLANG_WARN_DIRECT_OBJC_ISA_USAGE = YES_ERROR;
				CLANG_WARN_DOCUMENTATION_COMMENTS = YES;
				CLANG_WARN_EMPTY_BODY = YES;
				CLANG_WARN_ENUM_CONVERSION = YES;
				CLANG_WARN_INFINITE_RECURSION = YES;
				CLANG_WARN_INT_CONVERSION = YES;
				CLANG_WARN_NON_LITERAL_NULL_CONVERSION = YES;
				CLANG_WARN_OBJC_IMPLICIT_RETAIN_SELF = YES;
				CLANG_WARN_OBJC_LITERAL_CONVERSION = YES;
				CLANG_WARN_OBJC_ROOT_CLASS = YES_ERROR;
				CLANG_WARN_QUOTED_INCLUDE_IN_FRAMEWORK_HEADER = YES;
				CLANG_WARN_RANGE_LOOP_ANALYSIS = YES;
				CLANG_WARN_STRICT_PROTOTYPES = YES;
				CLANG_WARN_SUSPICIOUS_MOVE = YES;
				CLANG_WARN_UNGUARDED_AVAILABILITY = YES_AGGRESSIVE;
				CLANG_WARN_UNREACHABLE_CODE = YES;
				CLANG_WARN__DUPLICATE_METHOD_MATCH = YES;
				COPY_PHASE_STRIP = NO;
				DEBUG_INFORMATION_FORMAT = "dwarf-with-dsym";
				ENABLE_NS_ASSERTIONS = NO;
				ENABLE_STRICT_OBJC_MSGSEND = YES;
				GCC_C_LANGUAGE_STANDARD = gnu11;
				GCC_NO_COMMON_BLOCKS = YES;
				GCC_WARN_64_TO_32_BIT_CONVERSION = YES;
				GCC_WARN_ABOUT_RETURN_TYPE = YES_ERROR;
				GCC_WARN_UNDECLARED_SELECTOR = YES;
				GCC_WARN_UNINITIALIZED_AUTOS = YES_AGGRESSIVE;
				GCC_WARN_UNUSED_FUNCTION = YES;
				GCC_WARN_UNUSED_VARIABLE = YES;
				IPHONEOS_DEPLOYMENT_TARGET = 16.4;
				MTL_ENABLE_DEBUG_INFO = NO;
				MTL_FAST_MATH = YES;
				SDKROOT = iphoneos;
				SWIFT_COMPILATION_MODE = wholemodule;
				SWIFT_OPTIMIZATION_LEVEL = "-O";
				VALIDATE_PRODUCT = YES;
			};
			name = Release;
		};
		D02D5EF329E94F6E00EF2761 /* Debug */ = {
			isa = XCBuildConfiguration;
			baseConfigurationReference = A68E4AC1E097EF0385B8F1C4 /* Pods-Chat.debug.xcconfig */;
			buildSettings = {
				ASSETCATALOG_COMPILER_APPICON_NAME = AppIcon;
				ASSETCATALOG_COMPILER_GLOBAL_ACCENT_COLOR_NAME = AccentColor;
				CODE_SIGN_STYLE = Automatic;
				CURRENT_PROJECT_VERSION = 1;
				DEVELOPMENT_ASSET_PATHS = "\"Chat/Preview Content\"";
				DEVELOPMENT_TEAM = 3NH8XKCR79;
				ENABLE_PREVIEWS = YES;
				GENERATE_INFOPLIST_FILE = YES;
				INFOPLIST_KEY_NSPhotoLibraryUsageDescription = "\"Need to make profile\"";
				INFOPLIST_KEY_UIApplicationSceneManifest_Generation = YES;
				INFOPLIST_KEY_UILaunchScreen_Generation = YES;
				INFOPLIST_KEY_UISupportedInterfaceOrientations = UIInterfaceOrientationPortrait;
				LD_RUNPATH_SEARCH_PATHS = (
					"$(inherited)",
					"@executable_path/Frameworks",
				);
				MARKETING_VERSION = 1.0;
				PRODUCT_BUNDLE_IDENTIFIER = paulinawyskiel.Chat;
				PRODUCT_NAME = "$(TARGET_NAME)";
				SWIFT_EMIT_LOC_STRINGS = YES;
				SWIFT_VERSION = 5.0;
				TARGETED_DEVICE_FAMILY = "1,2";
			};
			name = Debug;
		};
		D02D5EF429E94F6E00EF2761 /* Release */ = {
			isa = XCBuildConfiguration;
			baseConfigurationReference = A1E00E54FB5D1970B54D06E7 /* Pods-Chat.release.xcconfig */;
			buildSettings = {
				ASSETCATALOG_COMPILER_APPICON_NAME = AppIcon;
				ASSETCATALOG_COMPILER_GLOBAL_ACCENT_COLOR_NAME = AccentColor;
				CODE_SIGN_STYLE = Automatic;
				CURRENT_PROJECT_VERSION = 1;
				DEVELOPMENT_ASSET_PATHS = "\"Chat/Preview Content\"";
				DEVELOPMENT_TEAM = 3NH8XKCR79;
				ENABLE_PREVIEWS = YES;
				GENERATE_INFOPLIST_FILE = YES;
				INFOPLIST_KEY_NSPhotoLibraryUsageDescription = "\"Need to make profile\"";
				INFOPLIST_KEY_UIApplicationSceneManifest_Generation = YES;
				INFOPLIST_KEY_UILaunchScreen_Generation = YES;
				INFOPLIST_KEY_UISupportedInterfaceOrientations = UIInterfaceOrientationPortrait;
				LD_RUNPATH_SEARCH_PATHS = (
					"$(inherited)",
					"@executable_path/Frameworks",
				);
				MARKETING_VERSION = 1.0;
				PRODUCT_BUNDLE_IDENTIFIER = paulinawyskiel.Chat;
				PRODUCT_NAME = "$(TARGET_NAME)";
				SWIFT_EMIT_LOC_STRINGS = YES;
				SWIFT_VERSION = 5.0;
				TARGETED_DEVICE_FAMILY = "1,2";
			};
			name = Release;
		};
/* End XCBuildConfiguration section */

/* Begin XCConfigurationList section */
		D02D5EDF29E94F6E00EF2761 /* Build configuration list for PBXProject "Chat" */ = {
			isa = XCConfigurationList;
			buildConfigurations = (
				D02D5EF029E94F6E00EF2761 /* Debug */,
				D02D5EF129E94F6E00EF2761 /* Release */,
			);
			defaultConfigurationIsVisible = 0;
			defaultConfigurationName = Release;
		};
		D02D5EF229E94F6E00EF2761 /* Build configuration list for PBXNativeTarget "Chat" */ = {
			isa = XCConfigurationList;
			buildConfigurations = (
				D02D5EF329E94F6E00EF2761 /* Debug */,
				D02D5EF429E94F6E00EF2761 /* Release */,
			);
			defaultConfigurationIsVisible = 0;
			defaultConfigurationName = Release;
		};
/* End XCConfigurationList section */
	};
	rootObject = D02D5EDC29E94F6E00EF2761 /* Project object */;
}
